// !$*UTF8*$!
{
	archiveVersion = 1;
	classes = {
	};
	objectVersion = 56;
	objects = {

/* Begin PBXBuildFile section */
		B725D3632AFA471F00103343 /* card_gameApp.swift in Sources */ = {isa = PBXBuildFile; fileRef = B725D3622AFA471F00103343 /* card_gameApp.swift */; };
		B725D3652AFA471F00103343 /* ContentView.swift in Sources */ = {isa = PBXBuildFile; fileRef = B725D3642AFA471F00103343 /* ContentView.swift */; };
		B725D3672AFA472000103343 /* Assets.xcassets in Resources */ = {isa = PBXBuildFile; fileRef = B725D3662AFA472000103343 /* Assets.xcassets */; };
		B725D36A2AFA472000103343 /* Preview Assets.xcassets in Resources */ = {isa = PBXBuildFile; fileRef = B725D3692AFA472000103343 /* Preview Assets.xcassets */; };
		B725D3742AFA472000103343 /* card_gameTests.swift in Sources */ = {isa = PBXBuildFile; fileRef = B725D3732AFA472000103343 /* card_gameTests.swift */; };
		B725D37E2AFA472000103343 /* card_gameUITests.swift in Sources */ = {isa = PBXBuildFile; fileRef = B725D37D2AFA472000103343 /* card_gameUITests.swift */; };
		B725D3802AFA472000103343 /* card_gameUITestsLaunchTests.swift in Sources */ = {isa = PBXBuildFile; fileRef = B725D37F2AFA472000103343 /* card_gameUITestsLaunchTests.swift */; };
/* End PBXBuildFile section */

/* Begin PBXContainerItemProxy section */
		B725D3702AFA472000103343 /* PBXContainerItemProxy */ = {
			isa = PBXContainerItemProxy;
			containerPortal = B725D3572AFA471F00103343 /* Project object */;
			proxyType = 1;
			remoteGlobalIDString = B725D35E2AFA471F00103343;
			remoteInfo = card_game;
		};
		B725D37A2AFA472000103343 /* PBXContainerItemProxy */ = {
			isa = PBXContainerItemProxy;
			containerPortal = B725D3572AFA471F00103343 /* Project object */;
			proxyType = 1;
			remoteGlobalIDString = B725D35E2AFA471F00103343;
			remoteInfo = card_game;
		};
/* End PBXContainerItemProxy section */

/* Begin PBXFileReference section */
		B725D35F2AFA471F00103343 /* card_game.app */ = {isa = PBXFileReference; explicitFileType = wrapper.application; includeInIndex = 0; path = card_game.app; sourceTree = BUILT_PRODUCTS_DIR; };
		B725D3622AFA471F00103343 /* card_gameApp.swift */ = {isa = PBXFileReference; lastKnownFileType = sourcecode.swift; path = card_gameApp.swift; sourceTree = "<group>"; };
		B725D3642AFA471F00103343 /* ContentView.swift */ = {isa = PBXFileReference; lastKnownFileType = sourcecode.swift; path = ContentView.swift; sourceTree = "<group>"; };
		B725D3662AFA472000103343 /* Assets.xcassets */ = {isa = PBXFileReference; lastKnownFileType = folder.assetcatalog; path = Assets.xcassets; sourceTree = "<group>"; };
		B725D3692AFA472000103343 /* Preview Assets.xcassets */ = {isa = PBXFileReference; lastKnownFileType = folder.assetcatalog; path = "Preview Assets.xcassets"; sourceTree = "<group>"; };
		B725D36F2AFA472000103343 /* card_gameTests.xctest */ = {isa = PBXFileReference; explicitFileType = wrapper.cfbundle; includeInIndex = 0; path = card_gameTests.xctest; sourceTree = BUILT_PRODUCTS_DIR; };
		B725D3732AFA472000103343 /* card_gameTests.swift */ = {isa = PBXFileReference; lastKnownFileType = sourcecode.swift; path = card_gameTests.swift; sourceTree = "<group>"; };
		B725D3792AFA472000103343 /* card_gameUITests.xctest */ = {isa = PBXFileReference; explicitFileType = wrapper.cfbundle; includeInIndex = 0; path = card_gameUITests.xctest; sourceTree = BUILT_PRODUCTS_DIR; };
		B725D37D2AFA472000103343 /* card_gameUITests.swift */ = {isa = PBXFileReference; lastKnownFileType = sourcecode.swift; path = card_gameUITests.swift; sourceTree = "<group>"; };
		B725D37F2AFA472000103343 /* card_gameUITestsLaunchTests.swift */ = {isa = PBXFileReference; lastKnownFileType = sourcecode.swift; path = card_gameUITestsLaunchTests.swift; sourceTree = "<group>"; };
/* End PBXFileReference section */

/* Begin PBXFrameworksBuildPhase section */
		B725D35C2AFA471F00103343 /* Frameworks */ = {
			isa = PBXFrameworksBuildPhase;
			buildActionMask = 2147483647;
			files = (
			);
			runOnlyForDeploymentPostprocessing = 0;
		};
		B725D36C2AFA472000103343 /* Frameworks */ = {
			isa = PBXFrameworksBuildPhase;
			buildActionMask = 2147483647;
			files = (
			);
			runOnlyForDeploymentPostprocessing = 0;
		};
		B725D3762AFA472000103343 /* Frameworks */ = {
			isa = PBXFrameworksBuildPhase;
			buildActionMask = 2147483647;
			files = (
			);
			runOnlyForDeploymentPostprocessing = 0;
		};
/* End PBXFrameworksBuildPhase section */

/* Begin PBXGroup section */
		B725D3562AFA471F00103343 = {
			isa = PBXGroup;
			children = (
				B725D3612AFA471F00103343 /* card_game */,
				B725D3722AFA472000103343 /* card_gameTests */,
				B725D37C2AFA472000103343 /* card_gameUITests */,
				B725D3602AFA471F00103343 /* Products */,
			);
			sourceTree = "<group>";
		};
		B725D3602AFA471F00103343 /* Products */ = {
			isa = PBXGroup;
			children = (
				B725D35F2AFA471F00103343 /* card_game.app */,
				B725D36F2AFA472000103343 /* card_gameTests.xctest */,
				B725D3792AFA472000103343 /* card_gameUITests.xctest */,
			);
			name = Products;
			sourceTree = "<group>";
		};
		B725D3612AFA471F00103343 /* card_game */ = {
			isa = PBXGroup;
			children = (
				B725D3622AFA471F00103343 /* card_gameApp.swift */,
				B725D3642AFA471F00103343 /* ContentView.swift */,
				B725D3662AFA472000103343 /* Assets.xcassets */,
				B725D3682AFA472000103343 /* Preview Content */,
			);
			path = card_game;
			sourceTree = "<group>";
		};
		B725D3682AFA472000103343 /* Preview Content */ = {
			isa = PBXGroup;
			children = (
				B725D3692AFA472000103343 /* Preview Assets.xcassets */,
			);
			path = "Preview Content";
			sourceTree = "<group>";
		};
		B725D3722AFA472000103343 /* card_gameTests */ = {
			isa = PBXGroup;
			children = (
				B725D3732AFA472000103343 /* card_gameTests.swift */,
			);
			path = card_gameTests;
			sourceTree = "<group>";
		};
		B725D37C2AFA472000103343 /* card_gameUITests */ = {
			isa = PBXGroup;
			children = (
				B725D37D2AFA472000103343 /* card_gameUITests.swift */,
				B725D37F2AFA472000103343 /* card_gameUITestsLaunchTests.swift */,
			);
			path = card_gameUITests;
			sourceTree = "<group>";
		};
/* End PBXGroup section */

/* Begin PBXNativeTarget section */
		B725D35E2AFA471F00103343 /* card_game */ = {
			isa = PBXNativeTarget;
			buildConfigurationList = B725D3832AFA472000103343 /* Build configuration list for PBXNativeTarget "card_game" */;
			buildPhases = (
				B725D35B2AFA471F00103343 /* Sources */,
				B725D35C2AFA471F00103343 /* Frameworks */,
				B725D35D2AFA471F00103343 /* Resources */,
			);
			buildRules = (
			);
			dependencies = (
			);
			name = card_game;
			productName = card_game;
			productReference = B725D35F2AFA471F00103343 /* card_game.app */;
			productType = "com.apple.product-type.application";
		};
		B725D36E2AFA472000103343 /* card_gameTests */ = {
			isa = PBXNativeTarget;
			buildConfigurationList = B725D3862AFA472000103343 /* Build configuration list for PBXNativeTarget "card_gameTests" */;
			buildPhases = (
				B725D36B2AFA472000103343 /* Sources */,
				B725D36C2AFA472000103343 /* Frameworks */,
				B725D36D2AFA472000103343 /* Resources */,
			);
			buildRules = (
			);
			dependencies = (
				B725D3712AFA472000103343 /* PBXTargetDependency */,
			);
			name = card_gameTests;
			productName = card_gameTests;
			productReference = B725D36F2AFA472000103343 /* card_gameTests.xctest */;
			productType = "com.apple.product-type.bundle.unit-test";
		};
		B725D3782AFA472000103343 /* card_gameUITests */ = {
			isa = PBXNativeTarget;
			buildConfigurationList = B725D3892AFA472000103343 /* Build configuration list for PBXNativeTarget "card_gameUITests" */;
			buildPhases = (
				B725D3752AFA472000103343 /* Sources */,
				B725D3762AFA472000103343 /* Frameworks */,
				B725D3772AFA472000103343 /* Resources */,
			);
			buildRules = (
			);
			dependencies = (
				B725D37B2AFA472000103343 /* PBXTargetDependency */,
			);
			name = card_gameUITests;
			productName = card_gameUITests;
			productReference = B725D3792AFA472000103343 /* card_gameUITests.xctest */;
			productType = "com.apple.product-type.bundle.ui-testing";
		};
/* End PBXNativeTarget section */

/* Begin PBXProject section */
		B725D3572AFA471F00103343 /* Project object */ = {
			isa = PBXProject;
			attributes = {
				BuildIndependentTargetsInParallel = 1;
				LastSwiftUpdateCheck = 1500;
				LastUpgradeCheck = 1500;
				TargetAttributes = {
					B725D35E2AFA471F00103343 = {
						CreatedOnToolsVersion = 15.0;
					};
					B725D36E2AFA472000103343 = {
						CreatedOnToolsVersion = 15.0;
						TestTargetID = B725D35E2AFA471F00103343;
					};
					B725D3782AFA472000103343 = {
						CreatedOnToolsVersion = 15.0;
						TestTargetID = B725D35E2AFA471F00103343;
					};
				};
			};
			buildConfigurationList = B725D35A2AFA471F00103343 /* Build configuration list for PBXProject "card_game" */;
			compatibilityVersion = "Xcode 14.0";
			developmentRegion = en;
			hasScannedForEncodings = 0;
			knownRegions = (
				en,
				Base,
			);
			mainGroup = B725D3562AFA471F00103343;
			productRefGroup = B725D3602AFA471F00103343 /* Products */;
			projectDirPath = "";
			projectRoot = "";
			targets = (
				B725D35E2AFA471F00103343 /* card_game */,
				B725D36E2AFA472000103343 /* card_gameTests */,
				B725D3782AFA472000103343 /* card_gameUITests */,
			);
		};
/* End PBXProject section */

/* Begin PBXResourcesBuildPhase section */
		B725D35D2AFA471F00103343 /* Resources */ = {
			isa = PBXResourcesBuildPhase;
			buildActionMask = 2147483647;
			files = (
				B725D36A2AFA472000103343 /* Preview Assets.xcassets in Resources */,
				B725D3672AFA472000103343 /* Assets.xcassets in Resources */,
			);
			runOnlyForDeploymentPostprocessing = 0;
		};
		B725D36D2AFA472000103343 /* Resources */ = {
			isa = PBXResourcesBuildPhase;
			buildActionMask = 2147483647;
			files = (
			);
			runOnlyForDeploymentPostprocessing = 0;
		};
		B725D3772AFA472000103343 /* Resources */ = {
			isa = PBXResourcesBuildPhase;
			buildActionMask = 2147483647;
			files = (
			);
			runOnlyForDeploymentPostprocessing = 0;
		};
/* End PBXResourcesBuildPhase section */

/* Begin PBXSourcesBuildPhase section */
		B725D35B2AFA471F00103343 /* Sources */ = {
			isa = PBXSourcesBuildPhase;
			buildActionMask = 2147483647;
			files = (
				B725D3652AFA471F00103343 /* ContentView.swift in Sources */,
				B725D3632AFA471F00103343 /* card_gameApp.swift in Sources */,
			);
			runOnlyForDeploymentPostprocessing = 0;
		};
		B725D36B2AFA472000103343 /* Sources */ = {
			isa = PBXSourcesBuildPhase;
			buildActionMask = 2147483647;
			files = (
				B725D3742AFA472000103343 /* card_gameTests.swift in Sources */,
			);
			runOnlyForDeploymentPostprocessing = 0;
		};
		B725D3752AFA472000103343 /* Sources */ = {
			isa = PBXSourcesBuildPhase;
			buildActionMask = 2147483647;
			files = (
				B725D3802AFA472000103343 /* card_gameUITestsLaunchTests.swift in Sources */,
				B725D37E2AFA472000103343 /* card_gameUITests.swift in Sources */,
			);
			runOnlyForDeploymentPostprocessing = 0;
		};
/* End PBXSourcesBuildPhase section */

/* Begin PBXTargetDependency section */
		B725D3712AFA472000103343 /* PBXTargetDependency */ = {
			isa = PBXTargetDependency;
			target = B725D35E2AFA471F00103343 /* card_game */;
			targetProxy = B725D3702AFA472000103343 /* PBXContainerItemProxy */;
		};
		B725D37B2AFA472000103343 /* PBXTargetDependency */ = {
			isa = PBXTargetDependency;
			target = B725D35E2AFA471F00103343 /* card_game */;
			targetProxy = B725D37A2AFA472000103343 /* PBXContainerItemProxy */;
		};
/* End PBXTargetDependency section */

/* Begin XCBuildConfiguration section */
		B725D3812AFA472000103343 /* Debug */ = {
			isa = XCBuildConfiguration;
			buildSettings = {
				ALWAYS_SEARCH_USER_PATHS = NO;
				ASSETCATALOG_COMPILER_GENERATE_SWIFT_ASSET_SYMBOL_EXTENSIONS = YES;
				CLANG_ANALYZER_NONNULL = YES;
				CLANG_ANALYZER_NUMBER_OBJECT_CONVERSION = YES_AGGRESSIVE;
				CLANG_CXX_LANGUAGE_STANDARD = "gnu++20";
				CLANG_ENABLE_MODULES = YES;
				CLANG_ENABLE_OBJC_ARC = YES;
				CLANG_ENABLE_OBJC_WEAK = YES;
				CLANG_WARN_BLOCK_CAPTURE_AUTORELEASING = YES;
				CLANG_WARN_BOOL_CONVERSION = YES;
				CLANG_WARN_COMMA = YES;
				CLANG_WARN_CONSTANT_CONVERSION = YES;
				CLANG_WARN_DEPRECATED_OBJC_IMPLEMENTATIONS = YES;
				CLANG_WARN_DIRECT_OBJC_ISA_USAGE = YES_ERROR;
				CLANG_WARN_DOCUMENTATION_COMMENTS = YES;
				CLANG_WARN_EMPTY_BODY = YES;
				CLANG_WARN_ENUM_CONVERSION = YES;
				CLANG_WARN_INFINITE_RECURSION = YES;
				CLANG_WARN_INT_CONVERSION = YES;
				CLANG_WARN_NON_LITERAL_NULL_CONVERSION = YES;
				CLANG_WARN_OBJC_IMPLICIT_RETAIN_SELF = YES;
				CLANG_WARN_OBJC_LITERAL_CONVERSION = YES;
				CLANG_WARN_OBJC_ROOT_CLASS = YES_ERROR;
				CLANG_WARN_QUOTED_INCLUDE_IN_FRAMEWORK_HEADER = YES;
				CLANG_WARN_RANGE_LOOP_ANALYSIS = YES;
				CLANG_WARN_STRICT_PROTOTYPES = YES;
				CLANG_WARN_SUSPICIOUS_MOVE = YES;
				CLANG_WARN_UNGUARDED_AVAILABILITY = YES_AGGRESSIVE;
				CLANG_WARN_UNREACHABLE_CODE = YES;
				CLANG_WARN__DUPLICATE_METHOD_MATCH = YES;
				COPY_PHASE_STRIP = NO;
				DEBUG_INFORMATION_FORMAT = dwarf;
				ENABLE_STRICT_OBJC_MSGSEND = YES;
				ENABLE_TESTABILITY = YES;
				ENABLE_USER_SCRIPT_SANDBOXING = YES;
				GCC_C_LANGUAGE_STANDARD = gnu17;
				GCC_DYNAMIC_NO_PIC = NO;
				GCC_NO_COMMON_BLOCKS = YES;
				GCC_OPTIMIZATION_LEVEL = 0;
				GCC_PREPROCESSOR_DEFINITIONS = (
					"DEBUG=1",
					"$(inherited)",
				);
				GCC_WARN_64_TO_32_BIT_CONVERSION = YES;
				GCC_WARN_ABOUT_RETURN_TYPE = YES_ERROR;
				GCC_WARN_UNDECLARED_SELECTOR = YES;
				GCC_WARN_UNINITIALIZED_AUTOS = YES_AGGRESSIVE;
				GCC_WARN_UNUSED_FUNCTION = YES;
				GCC_WARN_UNUSED_VARIABLE = YES;
				IPHONEOS_DEPLOYMENT_TARGET = 17.0;
				LOCALIZATION_PREFERS_STRING_CATALOGS = YES;
				MTL_ENABLE_DEBUG_INFO = INCLUDE_SOURCE;
				MTL_FAST_MATH = YES;
				ONLY_ACTIVE_ARCH = YES;
				SDKROOT = iphoneos;
				SWIFT_ACTIVE_COMPILATION_CONDITIONS = "DEBUG $(inherited)";
				SWIFT_OPTIMIZATION_LEVEL = "-Onone";
			};
			name = Debug;
		};
		B725D3822AFA472000103343 /* Release */ = {
			isa = XCBuildConfiguration;
			buildSettings = {
				ALWAYS_SEARCH_USER_PATHS = NO;
				ASSETCATALOG_COMPILER_GENERATE_SWIFT_ASSET_SYMBOL_EXTENSIONS = YES;
				CLANG_ANALYZER_NONNULL = YES;
				CLANG_ANALYZER_NUMBER_OBJECT_CONVERSION = YES_AGGRESSIVE;
				CLANG_CXX_LANGUAGE_STANDARD = "gnu++20";
				CLANG_ENABLE_MODULES = YES;
				CLANG_ENABLE_OBJC_ARC = YES;
				CLANG_ENABLE_OBJC_WEAK = YES;
				CLANG_WARN_BLOCK_CAPTURE_AUTORELEASING = YES;
				CLANG_WARN_BOOL_CONVERSION = YES;
				CLANG_WARN_COMMA = YES;
				CLANG_WARN_CONSTANT_CONVERSION = YES;
				CLANG_WARN_DEPRECATED_OBJC_IMPLEMENTATIONS = YES;
				CLANG_WARN_DIRECT_OBJC_ISA_USAGE = YES_ERROR;
				CLANG_WARN_DOCUMENTATION_COMMENTS = YES;
				CLANG_WARN_EMPTY_BODY = YES;
				CLANG_WARN_ENUM_CONVERSION = YES;
				CLANG_WARN_INFINITE_RECURSION = YES;
				CLANG_WARN_INT_CONVERSION = YES;
				CLANG_WARN_NON_LITERAL_NULL_CONVERSION = YES;
				CLANG_WARN_OBJC_IMPLICIT_RETAIN_SELF = YES;
				CLANG_WARN_OBJC_LITERAL_CONVERSION = YES;
				CLANG_WARN_OBJC_ROOT_CLASS = YES_ERROR;
				CLANG_WARN_QUOTED_INCLUDE_IN_FRAMEWORK_HEADER = YES;
				CLANG_WARN_RANGE_LOOP_ANALYSIS = YES;
				CLANG_WARN_STRICT_PROTOTYPES = YES;
				CLANG_WARN_SUSPICIOUS_MOVE = YES;
				CLANG_WARN_UNGUARDED_AVAILABILITY = YES_AGGRESSIVE;
				CLANG_WARN_UNREACHABLE_CODE = YES;
				CLANG_WARN__DUPLICATE_METHOD_MATCH = YES;
				COPY_PHASE_STRIP = NO;
				DEBUG_INFORMATION_FORMAT = "dwarf-with-dsym";
				ENABLE_NS_ASSERTIONS = NO;
				ENABLE_STRICT_OBJC_MSGSEND = YES;
				ENABLE_USER_SCRIPT_SANDBOXING = YES;
				GCC_C_LANGUAGE_STANDARD = gnu17;
				GCC_NO_COMMON_BLOCKS = YES;
				GCC_WARN_64_TO_32_BIT_CONVERSION = YES;
				GCC_WARN_ABOUT_RETURN_TYPE = YES_ERROR;
				GCC_WARN_UNDECLARED_SELECTOR = YES;
				GCC_WARN_UNINITIALIZED_AUTOS = YES_AGGRESSIVE;
				GCC_WARN_UNUSED_FUNCTION = YES;
				GCC_WARN_UNUSED_VARIABLE = YES;
				IPHONEOS_DEPLOYMENT_TARGET = 17.0;
				LOCALIZATION_PREFERS_STRING_CATALOGS = YES;
				MTL_ENABLE_DEBUG_INFO = NO;
				MTL_FAST_MATH = YES;
				SDKROOT = iphoneos;
				SWIFT_COMPILATION_MODE = wholemodule;
				VALIDATE_PRODUCT = YES;
			};
			name = Release;
		};
		B725D3842AFA472000103343 /* Debug */ = {
			isa = XCBuildConfiguration;
			buildSettings = {
				ASSETCATALOG_COMPILER_APPICON_NAME = AppIcon;
				ASSETCATALOG_COMPILER_GLOBAL_ACCENT_COLOR_NAME = AccentColor;
				CODE_SIGN_STYLE = Automatic;
				CURRENT_PROJECT_VERSION = 1;
				DEVELOPMENT_ASSET_PATHS = "\"card_game/Preview Content\"";
				ENABLE_PREVIEWS = YES;
				GENERATE_INFOPLIST_FILE = YES;
				INFOPLIST_KEY_UIApplicationSceneManifest_Generation = YES;
				INFOPLIST_KEY_UIApplicationSupportsIndirectInputEvents = YES;
				INFOPLIST_KEY_UILaunchScreen_Generation = YES;
				INFOPLIST_KEY_UISupportedInterfaceOrientations_iPad = "UIInterfaceOrientationPortrait UIInterfaceOrientationPortraitUpsideDown UIInterfaceOrientationLandscapeLeft UIInterfaceOrientationLandscapeRight";
				INFOPLIST_KEY_UISupportedInterfaceOrientations_iPhone = "UIInterfaceOrientationPortrait UIInterfaceOrientationLandscapeLeft UIInterfaceOrientationLandscapeRight";
				LD_RUNPATH_SEARCH_PATHS = (
					"$(inherited)",
					"@executable_path/Frameworks",
				);
				MARKETING_VERSION = 1.0;
				PRODUCT_BUNDLE_IDENTIFIER = "com.prashanna.card-game";
				PRODUCT_NAME = "$(TARGET_NAME)";
				SWIFT_EMIT_LOC_STRINGS = YES;
				SWIFT_VERSION = 5.0;
				TARGETED_DEVICE_FAMILY = "1,2";
			};
			name = Debug;
		};
		B725D3852AFA472000103343 /* Release */ = {
			isa = XCBuildConfiguration;
			buildSettings = {
				ASSETCATALOG_COMPILER_APPICON_NAME = AppIcon;
				ASSETCATALOG_COMPILER_GLOBAL_ACCENT_COLOR_NAME = AccentColor;
				CODE_SIGN_STYLE = Automatic;
				CURRENT_PROJECT_VERSION = 1;
				DEVELOPMENT_ASSET_PATHS = "\"card_game/Preview Content\"";
				ENABLE_PREVIEWS = YES;
				GENERATE_INFOPLIST_FILE = YES;
				INFOPLIST_KEY_UIApplicationSceneManifest_Generation = YES;
				INFOPLIST_KEY_UIApplicationSupportsIndirectInputEvents = YES;
				INFOPLIST_KEY_UILaunchScreen_Generation = YES;
				INFOPLIST_KEY_UISupportedInterfaceOrientations_iPad = "UIInterfaceOrientationPortrait UIInterfaceOrientationPortraitUpsideDown UIInterfaceOrientationLandscapeLeft UIInterfaceOrientationLandscapeRight";
				INFOPLIST_KEY_UISupportedInterfaceOrientations_iPhone = "UIInterfaceOrientationPortrait UIInterfaceOrientationLandscapeLeft UIInterfaceOrientationLandscapeRight";
				LD_RUNPATH_SEARCH_PATHS = (
					"$(inherited)",
					"@executable_path/Frameworks",
				);
				MARKETING_VERSION = 1.0;
				PRODUCT_BUNDLE_IDENTIFIER = "com.prashanna.card-game";
				PRODUCT_NAME = "$(TARGET_NAME)";
				SWIFT_EMIT_LOC_STRINGS = YES;
				SWIFT_VERSION = 5.0;
				TARGETED_DEVICE_FAMILY = "1,2";
			};
			name = Release;
		};
		B725D3872AFA472000103343 /* Debug */ = {
			isa = XCBuildConfiguration;
			buildSettings = {
				ALWAYS_EMBED_SWIFT_STANDARD_LIBRARIES = YES;
				BUNDLE_LOADER = "$(TEST_HOST)";
				CODE_SIGN_STYLE = Automatic;
				CURRENT_PROJECT_VERSION = 1;
				GENERATE_INFOPLIST_FILE = YES;
				IPHONEOS_DEPLOYMENT_TARGET = 17.0;
				MARKETING_VERSION = 1.0;
				PRODUCT_BUNDLE_IDENTIFIER = "com.prashanna.card-gameTests";
				PRODUCT_NAME = "$(TARGET_NAME)";
				SWIFT_EMIT_LOC_STRINGS = NO;
				SWIFT_VERSION = 5.0;
				TARGETED_DEVICE_FAMILY = "1,2";
				TEST_HOST = "$(BUILT_PRODUCTS_DIR)/card_game.app/$(BUNDLE_EXECUTABLE_FOLDER_PATH)/card_game";
			};
			name = Debug;
		};
		B725D3882AFA472000103343 /* Release */ = {
			isa = XCBuildConfiguration;
			buildSettings = {
				ALWAYS_EMBED_SWIFT_STANDARD_LIBRARIES = YES;
				BUNDLE_LOADER = "$(TEST_HOST)";
				CODE_SIGN_STYLE = Automatic;
				CURRENT_PROJECT_VERSION = 1;
				GENERATE_INFOPLIST_FILE = YES;
				IPHONEOS_DEPLOYMENT_TARGET = 17.0;
				MARKETING_VERSION = 1.0;
				PRODUCT_BUNDLE_IDENTIFIER = "com.prashanna.card-gameTests";
				PRODUCT_NAME = "$(TARGET_NAME)";
				SWIFT_EMIT_LOC_STRINGS = NO;
				SWIFT_VERSION = 5.0;
				TARGETED_DEVICE_FAMILY = "1,2";
				TEST_HOST = "$(BUILT_PRODUCTS_DIR)/card_game.app/$(BUNDLE_EXECUTABLE_FOLDER_PATH)/card_game";
			};
			name = Release;
		};
		B725D38A2AFA472000103343 /* Debug */ = {
			isa = XCBuildConfiguration;
			buildSettings = {
				ALWAYS_EMBED_SWIFT_STANDARD_LIBRARIES = YES;
				CODE_SIGN_STYLE = Automatic;
				CURRENT_PROJECT_VERSION = 1;
				GENERATE_INFOPLIST_FILE = YES;
				MARKETING_VERSION = 1.0;
				PRODUCT_BUNDLE_IDENTIFIER = "com.prashanna.card-gameUITests";
				PRODUCT_NAME = "$(TARGET_NAME)";
				SWIFT_EMIT_LOC_STRINGS = NO;
				SWIFT_VERSION = 5.0;
				TARGETED_DEVICE_FAMILY = "1,2";
				TEST_TARGET_NAME = card_game;
			};
			name = Debug;
		};
		B725D38B2AFA472000103343 /* Release */ = {
			isa = XCBuildConfiguration;
			buildSettings = {
				ALWAYS_EMBED_SWIFT_STANDARD_LIBRARIES = YES;
				CODE_SIGN_STYLE = Automatic;
				CURRENT_PROJECT_VERSION = 1;
				GENERATE_INFOPLIST_FILE = YES;
				MARKETING_VERSION = 1.0;
				PRODUCT_BUNDLE_IDENTIFIER = "com.prashanna.card-gameUITests";
				PRODUCT_NAME = "$(TARGET_NAME)";
				SWIFT_EMIT_LOC_STRINGS = NO;
				SWIFT_VERSION = 5.0;
				TARGETED_DEVICE_FAMILY = "1,2";
				TEST_TARGET_NAME = card_game;
			};
			name = Release;
		};
/* End XCBuildConfiguration section */

/* Begin XCConfigurationList section */
		B725D35A2AFA471F00103343 /* Build configuration list for PBXProject "card_game" */ = {
			isa = XCConfigurationList;
			buildConfigurations = (
				B725D3812AFA472000103343 /* Debug */,
				B725D3822AFA472000103343 /* Release */,
			);
			defaultConfigurationIsVisible = 0;
			defaultConfigurationName = Release;
		};
		B725D3832AFA472000103343 /* Build configuration list for PBXNativeTarget "card_game" */ = {
			isa = XCConfigurationList;
			buildConfigurations = (
				B725D3842AFA472000103343 /* Debug */,
				B725D3852AFA472000103343 /* Release */,
			);
			defaultConfigurationIsVisible = 0;
			defaultConfigurationName = Release;
		};
		B725D3862AFA472000103343 /* Build configuration list for PBXNativeTarget "card_gameTests" */ = {
			isa = XCConfigurationList;
			buildConfigurations = (
				B725D3872AFA472000103343 /* Debug */,
				B725D3882AFA472000103343 /* Release */,
			);
			defaultConfigurationIsVisible = 0;
			defaultConfigurationName = Release;
		};
		B725D3892AFA472000103343 /* Build configuration list for PBXNativeTarget "card_gameUITests" */ = {
			isa = XCConfigurationList;
			buildConfigurations = (
				B725D38A2AFA472000103343 /* Debug */,
				B725D38B2AFA472000103343 /* Release */,
			);
			defaultConfigurationIsVisible = 0;
			defaultConfigurationName = Release;
		};
/* End XCConfigurationList section */
	};
	rootObject = B725D3572AFA471F00103343 /* Project object */;
}
